// !$*UTF8*$!
{
	archiveVersion = 1;
	classes = {
	};
	objectVersion = 46;
	objects = {

/* Begin PBXBuildFile section */
		D60862A418C477530071EA74 /* Foundation.framework in Frameworks */ = {isa = PBXBuildFile; fileRef = D60862A318C477530071EA74 /* Foundation.framework */; };
		D60862A618C477530071EA74 /* CoreGraphics.framework in Frameworks */ = {isa = PBXBuildFile; fileRef = D60862A518C477530071EA74 /* CoreGraphics.framework */; };
		D60862A818C477530071EA74 /* UIKit.framework in Frameworks */ = {isa = PBXBuildFile; fileRef = D60862A718C477530071EA74 /* UIKit.framework */; };
		D60862AE18C477530071EA74 /* InfoPlist.strings in Resources */ = {isa = PBXBuildFile; fileRef = D60862AC18C477530071EA74 /* InfoPlist.strings */; };
		D60862B018C477530071EA74 /* main.m in Sources */ = {isa = PBXBuildFile; fileRef = D60862AF18C477530071EA74 /* main.m */; };
		D60862B418C477530071EA74 /* AppDelegate.m in Sources */ = {isa = PBXBuildFile; fileRef = D60862B318C477530071EA74 /* AppDelegate.m */; };
		D60862B718C477530071EA74 /* Main.storyboard in Resources */ = {isa = PBXBuildFile; fileRef = D60862B518C477530071EA74 /* Main.storyboard */; };
		D60862BA18C477530071EA74 /* ViewController.m in Sources */ = {isa = PBXBuildFile; fileRef = D60862B918C477530071EA74 /* ViewController.m */; };
		D60862BC18C477530071EA74 /* Images.xcassets in Resources */ = {isa = PBXBuildFile; fileRef = D60862BB18C477530071EA74 /* Images.xcassets */; };
		D60862C318C477530071EA74 /* XCTest.framework in Frameworks */ = {isa = PBXBuildFile; fileRef = D60862C218C477530071EA74 /* XCTest.framework */; };
		D60862C418C477530071EA74 /* Foundation.framework in Frameworks */ = {isa = PBXBuildFile; fileRef = D60862A318C477530071EA74 /* Foundation.framework */; };
		D60862C518C477530071EA74 /* UIKit.framework in Frameworks */ = {isa = PBXBuildFile; fileRef = D60862A718C477530071EA74 /* UIKit.framework */; };
		D60862CD18C477530071EA74 /* InfoPlist.strings in Resources */ = {isa = PBXBuildFile; fileRef = D60862CB18C477530071EA74 /* InfoPlist.strings */; };
		D60862CF18C477530071EA74 /* Alpha_timer_projectTests.m in Sources */ = {isa = PBXBuildFile; fileRef = D60862CE18C477530071EA74 /* Alpha_timer_projectTests.m */; };
		D60862DA18C479450071EA74 /* customBreakOrCapCell.m in Sources */ = {isa = PBXBuildFile; fileRef = D60862D918C479450071EA74 /* customBreakOrCapCell.m */; };
		D60862DE18C47DD80071EA74 /* CapViewController.m in Sources */ = {isa = PBXBuildFile; fileRef = D60862DC18C47DD80071EA74 /* CapViewController.m */; };
		D60862DF18C47DD80071EA74 /* CapViewController.xib in Resources */ = {isa = PBXBuildFile; fileRef = D60862DD18C47DD80071EA74 /* CapViewController.xib */; };
		D60862E318C47DE80071EA74 /* BreakViewController.m in Sources */ = {isa = PBXBuildFile; fileRef = D60862E118C47DE80071EA74 /* BreakViewController.m */; };
		D60862E418C47DE80071EA74 /* BreakViewController.xib in Resources */ = {isa = PBXBuildFile; fileRef = D60862E218C47DE80071EA74 /* BreakViewController.xib */; };
/* End PBXBuildFile section */

/* Begin PBXContainerItemProxy section */
		D60862C618C477530071EA74 /* PBXContainerItemProxy */ = {
			isa = PBXContainerItemProxy;
			containerPortal = D608629818C477530071EA74 /* Project object */;
			proxyType = 1;
			remoteGlobalIDString = D608629F18C477530071EA74;
			remoteInfo = Alpha_timer_project;
		};
/* End PBXContainerItemProxy section */

/* Begin PBXFileReference section */
		D60862A018C477530071EA74 /* Alpha_timer_project.app */ = {isa = PBXFileReference; explicitFileType = wrapper.application; includeInIndex = 0; path = Alpha_timer_project.app; sourceTree = BUILT_PRODUCTS_DIR; };
		D60862A318C477530071EA74 /* Foundation.framework */ = {isa = PBXFileReference; lastKnownFileType = wrapper.framework; name = Foundation.framework; path = System/Library/Frameworks/Foundation.framework; sourceTree = SDKROOT; };
		D60862A518C477530071EA74 /* CoreGraphics.framework */ = {isa = PBXFileReference; lastKnownFileType = wrapper.framework; name = CoreGraphics.framework; path = System/Library/Frameworks/CoreGraphics.framework; sourceTree = SDKROOT; };
		D60862A718C477530071EA74 /* UIKit.framework */ = {isa = PBXFileReference; lastKnownFileType = wrapper.framework; name = UIKit.framework; path = System/Library/Frameworks/UIKit.framework; sourceTree = SDKROOT; };
		D60862AB18C477530071EA74 /* Alpha_timer_project-Info.plist */ = {isa = PBXFileReference; lastKnownFileType = text.plist.xml; path = "Alpha_timer_project-Info.plist"; sourceTree = "<group>"; };
		D60862AD18C477530071EA74 /* en */ = {isa = PBXFileReference; lastKnownFileType = text.plist.strings; name = en; path = en.lproj/InfoPlist.strings; sourceTree = "<group>"; };
		D60862AF18C477530071EA74 /* main.m */ = {isa = PBXFileReference; lastKnownFileType = sourcecode.c.objc; path = main.m; sourceTree = "<group>"; };
		D60862B118C477530071EA74 /* Alpha_timer_project-Prefix.pch */ = {isa = PBXFileReference; lastKnownFileType = sourcecode.c.h; path = "Alpha_timer_project-Prefix.pch"; sourceTree = "<group>"; };
		D60862B218C477530071EA74 /* AppDelegate.h */ = {isa = PBXFileReference; lastKnownFileType = sourcecode.c.h; path = AppDelegate.h; sourceTree = "<group>"; };
		D60862B318C477530071EA74 /* AppDelegate.m */ = {isa = PBXFileReference; lastKnownFileType = sourcecode.c.objc; path = AppDelegate.m; sourceTree = "<group>"; };
		D60862B618C477530071EA74 /* Base */ = {isa = PBXFileReference; lastKnownFileType = file.storyboard; name = Base; path = Base.lproj/Main.storyboard; sourceTree = "<group>"; };
		D60862B818C477530071EA74 /* ViewController.h */ = {isa = PBXFileReference; lastKnownFileType = sourcecode.c.h; path = ViewController.h; sourceTree = "<group>"; };
		D60862B918C477530071EA74 /* ViewController.m */ = {isa = PBXFileReference; lastKnownFileType = sourcecode.c.objc; path = ViewController.m; sourceTree = "<group>"; };
		D60862BB18C477530071EA74 /* Images.xcassets */ = {isa = PBXFileReference; lastKnownFileType = folder.assetcatalog; path = Images.xcassets; sourceTree = "<group>"; };
		D60862C118C477530071EA74 /* Alpha_timer_projectTests.xctest */ = {isa = PBXFileReference; explicitFileType = wrapper.cfbundle; includeInIndex = 0; path = Alpha_timer_projectTests.xctest; sourceTree = BUILT_PRODUCTS_DIR; };
		D60862C218C477530071EA74 /* XCTest.framework */ = {isa = PBXFileReference; lastKnownFileType = wrapper.framework; name = XCTest.framework; path = Library/Frameworks/XCTest.framework; sourceTree = DEVELOPER_DIR; };
		D60862CA18C477530071EA74 /* Alpha_timer_projectTests-Info.plist */ = {isa = PBXFileReference; lastKnownFileType = text.plist.xml; path = "Alpha_timer_projectTests-Info.plist"; sourceTree = "<group>"; };
		D60862CC18C477530071EA74 /* en */ = {isa = PBXFileReference; lastKnownFileType = text.plist.strings; name = en; path = en.lproj/InfoPlist.strings; sourceTree = "<group>"; };
		D60862CE18C477530071EA74 /* Alpha_timer_projectTests.m */ = {isa = PBXFileReference; lastKnownFileType = sourcecode.c.objc; path = Alpha_timer_projectTests.m; sourceTree = "<group>"; };
		D60862D818C479450071EA74 /* customBreakOrCapCell.h */ = {isa = PBXFileReference; fileEncoding = 4; lastKnownFileType = sourcecode.c.h; path = customBreakOrCapCell.h; sourceTree = "<group>"; };
		D60862D918C479450071EA74 /* customBreakOrCapCell.m */ = {isa = PBXFileReference; fileEncoding = 4; lastKnownFileType = sourcecode.c.objc; path = customBreakOrCapCell.m; sourceTree = "<group>"; };
		D60862DB18C47DD80071EA74 /* CapViewController.h */ = {isa = PBXFileReference; fileEncoding = 4; lastKnownFileType = sourcecode.c.h; path = CapViewController.h; sourceTree = "<group>"; };
		D60862DC18C47DD80071EA74 /* CapViewController.m */ = {isa = PBXFileReference; fileEncoding = 4; lastKnownFileType = sourcecode.c.objc; path = CapViewController.m; sourceTree = "<group>"; };
		D60862DD18C47DD80071EA74 /* CapViewController.xib */ = {isa = PBXFileReference; fileEncoding = 4; lastKnownFileType = file.xib; path = CapViewController.xib; sourceTree = "<group>"; };
		D60862E018C47DE80071EA74 /* BreakViewController.h */ = {isa = PBXFileReference; fileEncoding = 4; lastKnownFileType = sourcecode.c.h; path = BreakViewController.h; sourceTree = "<group>"; };
		D60862E118C47DE80071EA74 /* BreakViewController.m */ = {isa = PBXFileReference; fileEncoding = 4; lastKnownFileType = sourcecode.c.objc; path = BreakViewController.m; sourceTree = "<group>"; };
		D60862E218C47DE80071EA74 /* BreakViewController.xib */ = {isa = PBXFileReference; fileEncoding = 4; lastKnownFileType = file.xib; path = BreakViewController.xib; sourceTree = "<group>"; };
/* End PBXFileReference section */

/* Begin PBXFrameworksBuildPhase section */
		D608629D18C477530071EA74 /* Frameworks */ = {
			isa = PBXFrameworksBuildPhase;
			buildActionMask = 2147483647;
			files = (
				D60862A618C477530071EA74 /* CoreGraphics.framework in Frameworks */,
				D60862A818C477530071EA74 /* UIKit.framework in Frameworks */,
				D60862A418C477530071EA74 /* Foundation.framework in Frameworks */,
			);
			runOnlyForDeploymentPostprocessing = 0;
		};
		D60862BE18C477530071EA74 /* Frameworks */ = {
			isa = PBXFrameworksBuildPhase;
			buildActionMask = 2147483647;
			files = (
				D60862C318C477530071EA74 /* XCTest.framework in Frameworks */,
				D60862C518C477530071EA74 /* UIKit.framework in Frameworks */,
				D60862C418C477530071EA74 /* Foundation.framework in Frameworks */,
			);
			runOnlyForDeploymentPostprocessing = 0;
		};
/* End PBXFrameworksBuildPhase section */

/* Begin PBXGroup section */
		D608629718C477530071EA74 = {
			isa = PBXGroup;
			children = (
				D60862A918C477530071EA74 /* Alpha_timer_project */,
				D60862C818C477530071EA74 /* Alpha_timer_projectTests */,
				D60862A218C477530071EA74 /* Frameworks */,
				D60862A118C477530071EA74 /* Products */,
			);
			sourceTree = "<group>";
		};
		D60862A118C477530071EA74 /* Products */ = {
			isa = PBXGroup;
			children = (
				D60862A018C477530071EA74 /* Alpha_timer_project.app */,
				D60862C118C477530071EA74 /* Alpha_timer_projectTests.xctest */,
			);
			name = Products;
			sourceTree = "<group>";
		};
		D60862A218C477530071EA74 /* Frameworks */ = {
			isa = PBXGroup;
			children = (
				D60862A318C477530071EA74 /* Foundation.framework */,
				D60862A518C477530071EA74 /* CoreGraphics.framework */,
				D60862A718C477530071EA74 /* UIKit.framework */,
				D60862C218C477530071EA74 /* XCTest.framework */,
			);
			name = Frameworks;
			sourceTree = "<group>";
		};
		D60862A918C477530071EA74 /* Alpha_timer_project */ = {
			isa = PBXGroup;
			children = (
				D60862B218C477530071EA74 /* AppDelegate.h */,
				D60862B318C477530071EA74 /* AppDelegate.m */,
				D60862B518C477530071EA74 /* Main.storyboard */,
				D60862B818C477530071EA74 /* ViewController.h */,
				D60862B918C477530071EA74 /* ViewController.m */,
				D60862BB18C477530071EA74 /* Images.xcassets */,
				D60862AA18C477530071EA74 /* Supporting Files */,
				D60862D818C479450071EA74 /* customBreakOrCapCell.h */,
				D60862D918C479450071EA74 /* customBreakOrCapCell.m */,
				D60862DB18C47DD80071EA74 /* CapViewController.h */,
				D60862DC18C47DD80071EA74 /* CapViewController.m */,
				D60862DD18C47DD80071EA74 /* CapViewController.xib */,
				D60862E018C47DE80071EA74 /* BreakViewController.h */,
				D60862E118C47DE80071EA74 /* BreakViewController.m */,
				D60862E218C47DE80071EA74 /* BreakViewController.xib */,
			);
			path = Alpha_timer_project;
			sourceTree = "<group>";
		};
		D60862AA18C477530071EA74 /* Supporting Files */ = {
			isa = PBXGroup;
			children = (
				D60862AB18C477530071EA74 /* Alpha_timer_project-Info.plist */,
				D60862AC18C477530071EA74 /* InfoPlist.strings */,
				D60862AF18C477530071EA74 /* main.m */,
				D60862B118C477530071EA74 /* Alpha_timer_project-Prefix.pch */,
			);
			name = "Supporting Files";
			sourceTree = "<group>";
		};
		D60862C818C477530071EA74 /* Alpha_timer_projectTests */ = {
			isa = PBXGroup;
			children = (
				D60862CE18C477530071EA74 /* Alpha_timer_projectTests.m */,
				D60862C918C477530071EA74 /* Supporting Files */,
			);
			path = Alpha_timer_projectTests;
			sourceTree = "<group>";
		};
		D60862C918C477530071EA74 /* Supporting Files */ = {
			isa = PBXGroup;
			children = (
				D60862CA18C477530071EA74 /* Alpha_timer_projectTests-Info.plist */,
				D60862CB18C477530071EA74 /* InfoPlist.strings */,
			);
			name = "Supporting Files";
			sourceTree = "<group>";
		};
/* End PBXGroup section */

/* Begin PBXNativeTarget section */
		D608629F18C477530071EA74 /* Alpha_timer_project */ = {
			isa = PBXNativeTarget;
			buildConfigurationList = D60862D218C477530071EA74 /* Build configuration list for PBXNativeTarget "Alpha_timer_project" */;
			buildPhases = (
				D608629C18C477530071EA74 /* Sources */,
				D608629D18C477530071EA74 /* Frameworks */,
				D608629E18C477530071EA74 /* Resources */,
			);
			buildRules = (
			);
			dependencies = (
			);
			name = Alpha_timer_project;
			productName = Alpha_timer_project;
			productReference = D60862A018C477530071EA74 /* Alpha_timer_project.app */;
			productType = "com.apple.product-type.application";
		};
		D60862C018C477530071EA74 /* Alpha_timer_projectTests */ = {
			isa = PBXNativeTarget;
			buildConfigurationList = D60862D518C477530071EA74 /* Build configuration list for PBXNativeTarget "Alpha_timer_projectTests" */;
			buildPhases = (
				D60862BD18C477530071EA74 /* Sources */,
				D60862BE18C477530071EA74 /* Frameworks */,
				D60862BF18C477530071EA74 /* Resources */,
			);
			buildRules = (
			);
			dependencies = (
				D60862C718C477530071EA74 /* PBXTargetDependency */,
			);
			name = Alpha_timer_projectTests;
			productName = Alpha_timer_projectTests;
			productReference = D60862C118C477530071EA74 /* Alpha_timer_projectTests.xctest */;
			productType = "com.apple.product-type.bundle.unit-test";
		};
/* End PBXNativeTarget section */

/* Begin PBXProject section */
		D608629818C477530071EA74 /* Project object */ = {
			isa = PBXProject;
			attributes = {
				LastUpgradeCheck = 0500;
				ORGANIZATIONNAME = "Cory Green";
				TargetAttributes = {
					D60862C018C477530071EA74 = {
						TestTargetID = D608629F18C477530071EA74;
					};
				};
			};
			buildConfigurationList = D608629B18C477530071EA74 /* Build configuration list for PBXProject "Alpha_timer_project" */;
			compatibilityVersion = "Xcode 3.2";
			developmentRegion = English;
			hasScannedForEncodings = 0;
			knownRegions = (
				en,
				Base,
			);
			mainGroup = D608629718C477530071EA74;
			productRefGroup = D60862A118C477530071EA74 /* Products */;
			projectDirPath = "";
			projectRoot = "";
			targets = (
				D608629F18C477530071EA74 /* Alpha_timer_project */,
				D60862C018C477530071EA74 /* Alpha_timer_projectTests */,
			);
		};
/* End PBXProject section */

/* Begin PBXResourcesBuildPhase section */
		D608629E18C477530071EA74 /* Resources */ = {
			isa = PBXResourcesBuildPhase;
			buildActionMask = 2147483647;
			files = (
				D60862BC18C477530071EA74 /* Images.xcassets in Resources */,
				D60862DF18C47DD80071EA74 /* CapViewController.xib in Resources */,
				D60862AE18C477530071EA74 /* InfoPlist.strings in Resources */,
				D60862B718C477530071EA74 /* Main.storyboard in Resources */,
				D60862E418C47DE80071EA74 /* BreakViewController.xib in Resources */,
			);
			runOnlyForDeploymentPostprocessing = 0;
		};
		D60862BF18C477530071EA74 /* Resources */ = {
			isa = PBXResourcesBuildPhase;
			buildActionMask = 2147483647;
			files = (
				D60862CD18C477530071EA74 /* InfoPlist.strings in Resources */,
			);
			runOnlyForDeploymentPostprocessing = 0;
		};
/* End PBXResourcesBuildPhase section */

/* Begin PBXSourcesBuildPhase section */
		D608629C18C477530071EA74 /* Sources */ = {
			isa = PBXSourcesBuildPhase;
			buildActionMask = 2147483647;
			files = (
				D60862BA18C477530071EA74 /* ViewController.m in Sources */,
				D60862B418C477530071EA74 /* AppDelegate.m in Sources */,
				D60862DA18C479450071EA74 /* customBreakOrCapCell.m in Sources */,
				D60862DE18C47DD80071EA74 /* CapViewController.m in Sources */,
				D60862E318C47DE80071EA74 /* BreakViewController.m in Sources */,
				D60862B018C477530071EA74 /* main.m in Sources */,
			);
			runOnlyForDeploymentPostprocessing = 0;
		};
		D60862BD18C477530071EA74 /* Sources */ = {
			isa = PBXSourcesBuildPhase;
			buildActionMask = 2147483647;
			files = (
				D60862CF18C477530071EA74 /* Alpha_timer_projectTests.m in Sources */,
			);
			runOnlyForDeploymentPostprocessing = 0;
		};
/* End PBXSourcesBuildPhase section */

/* Begin PBXTargetDependency section */
		D60862C718C477530071EA74 /* PBXTargetDependency */ = {
			isa = PBXTargetDependency;
			target = D608629F18C477530071EA74 /* Alpha_timer_project */;
			targetProxy = D60862C618C477530071EA74 /* PBXContainerItemProxy */;
		};
/* End PBXTargetDependency section */

/* Begin PBXVariantGroup section */
		D60862AC18C477530071EA74 /* InfoPlist.strings */ = {
			isa = PBXVariantGroup;
			children = (
				D60862AD18C477530071EA74 /* en */,
			);
			name = InfoPlist.strings;
			sourceTree = "<group>";
		};
		D60862B518C477530071EA74 /* Main.storyboard */ = {
			isa = PBXVariantGroup;
			children = (
				D60862B618C477530071EA74 /* Base */,
			);
			name = Main.storyboard;
			sourceTree = "<group>";
		};
		D60862CB18C477530071EA74 /* InfoPlist.strings */ = {
			isa = PBXVariantGroup;
			children = (
				D60862CC18C477530071EA74 /* en */,
			);
			name = InfoPlist.strings;
			sourceTree = "<group>";
		};
/* End PBXVariantGroup section */

/* Begin XCBuildConfiguration section */
		D60862D018C477530071EA74 /* Debug */ = {
			isa = XCBuildConfiguration;
			buildSettings = {
				ALWAYS_SEARCH_USER_PATHS = NO;
				ARCHS = "$(ARCHS_STANDARD_INCLUDING_64_BIT)";
				CLANG_CXX_LANGUAGE_STANDARD = "gnu++0x";
				CLANG_CXX_LIBRARY = "libc++";
				CLANG_ENABLE_MODULES = YES;
				CLANG_ENABLE_OBJC_ARC = YES;
				CLANG_WARN_BOOL_CONVERSION = YES;
				CLANG_WARN_CONSTANT_CONVERSION = YES;
				CLANG_WARN_DIRECT_OBJC_ISA_USAGE = YES_ERROR;
				CLANG_WARN_EMPTY_BODY = YES;
				CLANG_WARN_ENUM_CONVERSION = YES;
				CLANG_WARN_INT_CONVERSION = YES;
				CLANG_WARN_OBJC_ROOT_CLASS = YES_ERROR;
				CLANG_WARN__DUPLICATE_METHOD_MATCH = YES;
				"CODE_SIGN_IDENTITY[sdk=iphoneos*]" = "iPhone Developer";
				COPY_PHASE_STRIP = NO;
				GCC_C_LANGUAGE_STANDARD = gnu99;
				GCC_DYNAMIC_NO_PIC = NO;
				GCC_OPTIMIZATION_LEVEL = 0;
				GCC_PREPROCESSOR_DEFINITIONS = (
					"DEBUG=1",
					"$(inherited)",
				);
				GCC_SYMBOLS_PRIVATE_EXTERN = NO;
				GCC_WARN_64_TO_32_BIT_CONVERSION = YES;
				GCC_WARN_ABOUT_RETURN_TYPE = YES_ERROR;
				GCC_WARN_UNDECLARED_SELECTOR = YES;
				GCC_WARN_UNINITIALIZED_AUTOS = YES;
				GCC_WARN_UNUSED_FUNCTION = YES;
				GCC_WARN_UNUSED_VARIABLE = YES;
				IPHONEOS_DEPLOYMENT_TARGET = 7.0;
				ONLY_ACTIVE_ARCH = YES;
				SDKROOT = iphoneos;
			};
			name = Debug;
		};
		D60862D118C477530071EA74 /* Release */ = {
			isa = XCBuildConfiguration;
			buildSettings = {
				ALWAYS_SEARCH_USER_PATHS = NO;
				ARCHS = "$(ARCHS_STANDARD_INCLUDING_64_BIT)";
				CLANG_CXX_LANGUAGE_STANDARD = "gnu++0x";
				CLANG_CXX_LIBRARY = "libc++";
				CLANG_ENABLE_MODULES = YES;
				CLANG_ENABLE_OBJC_ARC = YES;
				CLANG_WARN_BOOL_CONVERSION = YES;
				CLANG_WARN_CONSTANT_CONVERSION = YES;
				CLANG_WARN_DIRECT_OBJC_ISA_USAGE = YES_ERROR;
				CLANG_WARN_EMPTY_BODY = YES;
				CLANG_WARN_ENUM_CONVERSION = YES;
				CLANG_WARN_INT_CONVERSION = YES;
				CLANG_WARN_OBJC_ROOT_CLASS = YES_ERROR;
				CLANG_WARN__DUPLICATE_METHOD_MATCH = YES;
				"CODE_SIGN_IDENTITY[sdk=iphoneos*]" = "iPhone Developer";
				COPY_PHASE_STRIP = YES;
				ENABLE_NS_ASSERTIONS = NO;
				GCC_C_LANGUAGE_STANDARD = gnu99;
				GCC_WARN_64_TO_32_BIT_CONVERSION = YES;
				GCC_WARN_ABOUT_RETURN_TYPE = YES_ERROR;
				GCC_WARN_UNDECLARED_SELECTOR = YES;
				GCC_WARN_UNINITIALIZED_AUTOS = YES;
				GCC_WARN_UNUSED_FUNCTION = YES;
				GCC_WARN_UNUSED_VARIABLE = YES;
				IPHONEOS_DEPLOYMENT_TARGET = 7.0;
				SDKROOT = iphoneos;
				VALIDATE_PRODUCT = YES;
			};
			name = Release;
		};
		D60862D318C477530071EA74 /* Debug */ = {
			isa = XCBuildConfiguration;
			buildSettings = {
				ASSETCATALOG_COMPILER_APPICON_NAME = AppIcon;
				ASSETCATALOG_COMPILER_LAUNCHIMAGE_NAME = LaunchImage;
				GCC_PRECOMPILE_PREFIX_HEADER = YES;
				GCC_PREFIX_HEADER = "Alpha_timer_project/Alpha_timer_project-Prefix.pch";
				INFOPLIST_FILE = "Alpha_timer_project/Alpha_timer_project-Info.plist";
				PRODUCT_NAME = "$(TARGET_NAME)";
				WRAPPER_EXTENSION = app;
			};
			name = Debug;
		};
		D60862D418C477530071EA74 /* Release */ = {
			isa = XCBuildConfiguration;
			buildSettings = {
				ASSETCATALOG_COMPILER_APPICON_NAME = AppIcon;
				ASSETCATALOG_COMPILER_LAUNCHIMAGE_NAME = LaunchImage;
				GCC_PRECOMPILE_PREFIX_HEADER = YES;
				GCC_PREFIX_HEADER = "Alpha_timer_project/Alpha_timer_project-Prefix.pch";
				INFOPLIST_FILE = "Alpha_timer_project/Alpha_timer_project-Info.plist";
				PRODUCT_NAME = "$(TARGET_NAME)";
				WRAPPER_EXTENSION = app;
			};
			name = Release;
		};
		D60862D618C477530071EA74 /* Debug */ = {
			isa = XCBuildConfiguration;
			buildSettings = {
				ARCHS = "$(ARCHS_STANDARD_INCLUDING_64_BIT)";
				BUNDLE_LOADER = "$(BUILT_PRODUCTS_DIR)/Alpha_timer_project.app/Alpha_timer_project";
				FRAMEWORK_SEARCH_PATHS = (
					"$(SDKROOT)/Developer/Library/Frameworks",
					"$(inherited)",
					"$(DEVELOPER_FRAMEWORKS_DIR)",
				);
				GCC_PRECOMPILE_PREFIX_HEADER = YES;
				GCC_PREFIX_HEADER = "Alpha_timer_project/Alpha_timer_project-Prefix.pch";
				GCC_PREPROCESSOR_DEFINITIONS = (
					"DEBUG=1",
					"$(inherited)",
				);
				INFOPLIST_FILE = "Alpha_timer_projectTests/Alpha_timer_projectTests-Info.plist";
				PRODUCT_NAME = "$(TARGET_NAME)";
				TEST_HOST = "$(BUNDLE_LOADER)";
				WRAPPER_EXTENSION = xctest;
			};
			name = Debug;
		};
		D60862D718C477530071EA74 /* Release */ = {
			isa = XCBuildConfiguration;
			buildSettings = {
				ARCHS = "$(ARCHS_STANDARD_INCLUDING_64_BIT)";
				BUNDLE_LOADER = "$(BUILT_PRODUCTS_DIR)/Alpha_timer_project.app/Alpha_timer_project";
				FRAMEWORK_SEARCH_PATHS = (
					"$(SDKROOT)/Developer/Library/Frameworks",
					"$(inherited)",
					"$(DEVELOPER_FRAMEWORKS_DIR)",
				);
				GCC_PRECOMPILE_PREFIX_HEADER = YES;
				GCC_PREFIX_HEADER = "Alpha_timer_project/Alpha_timer_project-Prefix.pch";
				INFOPLIST_FILE = "Alpha_timer_projectTests/Alpha_timer_projectTests-Info.plist";
				PRODUCT_NAME = "$(TARGET_NAME)";
				TEST_HOST = "$(BUNDLE_LOADER)";
				WRAPPER_EXTENSION = xctest;
			};
			name = Release;
		};
/* End XCBuildConfiguration section */

/* Begin XCConfigurationList section */
		D608629B18C477530071EA74 /* Build configuration list for PBXProject "Alpha_timer_project" */ = {
			isa = XCConfigurationList;
			buildConfigurations = (
				D60862D018C477530071EA74 /* Debug */,
				D60862D118C477530071EA74 /* Release */,
			);
			defaultConfigurationIsVisible = 0;
			defaultConfigurationName = Release;
		};
		D60862D218C477530071EA74 /* Build configuration list for PBXNativeTarget "Alpha_timer_project" */ = {
			isa = XCConfigurationList;
			buildConfigurations = (
				D60862D318C477530071EA74 /* Debug */,
				D60862D418C477530071EA74 /* Release */,
			);
			defaultConfigurationIsVisible = 0;
		};
		D60862D518C477530071EA74 /* Build configuration list for PBXNativeTarget "Alpha_timer_projectTests" */ = {
			isa = XCConfigurationList;
			buildConfigurations = (
				D60862D618C477530071EA74 /* Debug */,
				D60862D718C477530071EA74 /* Release */,
			);
			defaultConfigurationIsVisible = 0;
		};
/* End XCConfigurationList section */
	};
	rootObject = D608629818C477530071EA74 /* Project object */;
}
